// !$*UTF8*$!
{
	archiveVersion = 1;
	classes = {
	};
	objectVersion = 56;
	objects = {

/* Begin PBXBuildFile section */
		302F5B312A3A002E00991682 /* LocationPreviewView.swift in Sources */ = {isa = PBXBuildFile; fileRef = 302F5B302A3A002E00991682 /* LocationPreviewView.swift */; };
		302F5B342A3A267400991682 /* LocationMapAnnotationView.swift in Sources */ = {isa = PBXBuildFile; fileRef = 302F5B332A3A267400991682 /* LocationMapAnnotationView.swift */; };
		30E165F72A3949CE003A0A5C /* TourTrackApp.swift in Sources */ = {isa = PBXBuildFile; fileRef = 30E165F62A3949CE003A0A5C /* TourTrackApp.swift */; };
		30E165F92A3949CE003A0A5C /* ContentView.swift in Sources */ = {isa = PBXBuildFile; fileRef = 30E165F82A3949CE003A0A5C /* ContentView.swift */; };
		30E165FE2A3949CF003A0A5C /* Preview Assets.xcassets in Resources */ = {isa = PBXBuildFile; fileRef = 30E165FD2A3949CF003A0A5C /* Preview Assets.xcassets */; };
		30E166052A394A9A003A0A5C /* Assets.xcassets in Resources */ = {isa = PBXBuildFile; fileRef = 30E166042A394A9A003A0A5C /* Assets.xcassets */; };
		30E1660A2A394BD3003A0A5C /* Location.swift in Sources */ = {isa = PBXBuildFile; fileRef = 30E166092A394BD3003A0A5C /* Location.swift */; };
		30E1660D2A394CBB003A0A5C /* LocationsDataService.swift in Sources */ = {isa = PBXBuildFile; fileRef = 30E1660C2A394CBB003A0A5C /* LocationsDataService.swift */; };
		30E1660F2A394DE4003A0A5C /* LocationsView.swift in Sources */ = {isa = PBXBuildFile; fileRef = 30E1660E2A394DE4003A0A5C /* LocationsView.swift */; };
		30E166112A395358003A0A5C /* LocationsViewModel.swift in Sources */ = {isa = PBXBuildFile; fileRef = 30E166102A395358003A0A5C /* LocationsViewModel.swift */; };
		30E166132A395DB2003A0A5C /* LocationsListView.swift in Sources */ = {isa = PBXBuildFile; fileRef = 30E166122A395DB2003A0A5C /* LocationsListView.swift */; };
/* End PBXBuildFile section */

/* Begin PBXFileReference section */
		302F5B302A3A002E00991682 /* LocationPreviewView.swift */ = {isa = PBXFileReference; lastKnownFileType = sourcecode.swift; path = LocationPreviewView.swift; sourceTree = "<group>"; };
		302F5B322A3A0C2500991682 /* Info.plist */ = {isa = PBXFileReference; lastKnownFileType = text.plist; path = Info.plist; sourceTree = "<group>"; };
		302F5B332A3A267400991682 /* LocationMapAnnotationView.swift */ = {isa = PBXFileReference; lastKnownFileType = sourcecode.swift; path = LocationMapAnnotationView.swift; sourceTree = "<group>"; };
		30E165F32A3949CE003A0A5C /* TourTrack.app */ = {isa = PBXFileReference; explicitFileType = wrapper.application; includeInIndex = 0; path = TourTrack.app; sourceTree = BUILT_PRODUCTS_DIR; };
		30E165F62A3949CE003A0A5C /* TourTrackApp.swift */ = {isa = PBXFileReference; lastKnownFileType = sourcecode.swift; path = TourTrackApp.swift; sourceTree = "<group>"; };
		30E165F82A3949CE003A0A5C /* ContentView.swift */ = {isa = PBXFileReference; lastKnownFileType = sourcecode.swift; path = ContentView.swift; sourceTree = "<group>"; };
		30E165FD2A3949CF003A0A5C /* Preview Assets.xcassets */ = {isa = PBXFileReference; lastKnownFileType = folder.assetcatalog; path = "Preview Assets.xcassets"; sourceTree = "<group>"; };
		30E166042A394A9A003A0A5C /* Assets.xcassets */ = {isa = PBXFileReference; lastKnownFileType = folder.assetcatalog; path = Assets.xcassets; sourceTree = "<group>"; };
		30E166092A394BD3003A0A5C /* Location.swift */ = {isa = PBXFileReference; lastKnownFileType = sourcecode.swift; path = Location.swift; sourceTree = "<group>"; };
		30E1660C2A394CBB003A0A5C /* LocationsDataService.swift */ = {isa = PBXFileReference; fileEncoding = 4; lastKnownFileType = sourcecode.swift; path = LocationsDataService.swift; sourceTree = "<group>"; };
		30E1660E2A394DE4003A0A5C /* LocationsView.swift */ = {isa = PBXFileReference; lastKnownFileType = sourcecode.swift; path = LocationsView.swift; sourceTree = "<group>"; };
		30E166102A395358003A0A5C /* LocationsViewModel.swift */ = {isa = PBXFileReference; lastKnownFileType = sourcecode.swift; path = LocationsViewModel.swift; sourceTree = "<group>"; };
		30E166122A395DB2003A0A5C /* LocationsListView.swift */ = {isa = PBXFileReference; lastKnownFileType = sourcecode.swift; path = LocationsListView.swift; sourceTree = "<group>"; };
/* End PBXFileReference section */

/* Begin PBXFrameworksBuildPhase section */
		30E165F02A3949CE003A0A5C /* Frameworks */ = {
			isa = PBXFrameworksBuildPhase;
			buildActionMask = 2147483647;
			files = (
			);
			runOnlyForDeploymentPostprocessing = 0;
		};
/* End PBXFrameworksBuildPhase section */

/* Begin PBXGroup section */
		30E165EA2A3949CE003A0A5C = {
			isa = PBXGroup;
			children = (
				30E165F52A3949CE003A0A5C /* TourTrack */,
				30E165F42A3949CE003A0A5C /* Products */,
			);
			sourceTree = "<group>";
		};
		30E165F42A3949CE003A0A5C /* Products */ = {
			isa = PBXGroup;
			children = (
				30E165F32A3949CE003A0A5C /* TourTrack.app */,
			);
			name = Products;
			sourceTree = "<group>";
		};
		30E165F52A3949CE003A0A5C /* TourTrack */ = {
			isa = PBXGroup;
			children = (
				302F5B322A3A0C2500991682 /* Info.plist */,
				30E165F62A3949CE003A0A5C /* TourTrackApp.swift */,
				30E165F82A3949CE003A0A5C /* ContentView.swift */,
				30E1660B2A394CA1003A0A5C /* DataServices */,
				30E166072A394B71003A0A5C /* Views */,
				30E166082A394B77003A0A5C /* ViewModels */,
				30E166062A394B69003A0A5C /* Models */,
				30E166042A394A9A003A0A5C /* Assets.xcassets */,
				30E165FC2A3949CF003A0A5C /* Preview Content */,
			);
			path = TourTrack;
			sourceTree = "<group>";
		};
		30E165FC2A3949CF003A0A5C /* Preview Content */ = {
			isa = PBXGroup;
			children = (
				30E165FD2A3949CF003A0A5C /* Preview Assets.xcassets */,
			);
			path = "Preview Content";
			sourceTree = "<group>";
		};
		30E166062A394B69003A0A5C /* Models */ = {
			isa = PBXGroup;
			children = (
				30E166092A394BD3003A0A5C /* Location.swift */,
			);
			path = Models;
			sourceTree = "<group>";
		};
		30E166072A394B71003A0A5C /* Views */ = {
			isa = PBXGroup;
			children = (
				30E1660E2A394DE4003A0A5C /* LocationsView.swift */,
				30E166122A395DB2003A0A5C /* LocationsListView.swift */,
				302F5B302A3A002E00991682 /* LocationPreviewView.swift */,
				302F5B332A3A267400991682 /* LocationMapAnnotationView.swift */,
			);
			path = Views;
			sourceTree = "<group>";
		};
		30E166082A394B77003A0A5C /* ViewModels */ = {
			isa = PBXGroup;
			children = (
				30E166102A395358003A0A5C /* LocationsViewModel.swift */,
			);
			path = ViewModels;
			sourceTree = "<group>";
		};
		30E1660B2A394CA1003A0A5C /* DataServices */ = {
			isa = PBXGroup;
			children = (
				30E1660C2A394CBB003A0A5C /* LocationsDataService.swift */,
			);
			path = DataServices;
			sourceTree = "<group>";
		};
/* End PBXGroup section */

/* Begin PBXNativeTarget section */
		30E165F22A3949CE003A0A5C /* TourTrack */ = {
			isa = PBXNativeTarget;
			buildConfigurationList = 30E166012A3949CF003A0A5C /* Build configuration list for PBXNativeTarget "TourTrack" */;
			buildPhases = (
				30E165EF2A3949CE003A0A5C /* Sources */,
				30E165F02A3949CE003A0A5C /* Frameworks */,
				30E165F12A3949CE003A0A5C /* Resources */,
			);
			buildRules = (
			);
			dependencies = (
			);
			name = TourTrack;
			productName = TourTrack;
			productReference = 30E165F32A3949CE003A0A5C /* TourTrack.app */;
			productType = "com.apple.product-type.application";
		};
/* End PBXNativeTarget section */

/* Begin PBXProject section */
		30E165EB2A3949CE003A0A5C /* Project object */ = {
			isa = PBXProject;
			attributes = {
				BuildIndependentTargetsInParallel = 1;
				LastSwiftUpdateCheck = 1430;
				LastUpgradeCheck = 1430;
				TargetAttributes = {
					30E165F22A3949CE003A0A5C = {
						CreatedOnToolsVersion = 14.3.1;
					};
				};
			};
			buildConfigurationList = 30E165EE2A3949CE003A0A5C /* Build configuration list for PBXProject "TourTrack" */;
			compatibilityVersion = "Xcode 14.0";
			developmentRegion = en;
			hasScannedForEncodings = 0;
			knownRegions = (
				en,
				Base,
			);
			mainGroup = 30E165EA2A3949CE003A0A5C;
			productRefGroup = 30E165F42A3949CE003A0A5C /* Products */;
			projectDirPath = "";
			projectRoot = "";
			targets = (
				30E165F22A3949CE003A0A5C /* TourTrack */,
			);
		};
/* End PBXProject section */

/* Begin PBXResourcesBuildPhase section */
		30E165F12A3949CE003A0A5C /* Resources */ = {
			isa = PBXResourcesBuildPhase;
			buildActionMask = 2147483647;
			files = (
				30E166052A394A9A003A0A5C /* Assets.xcassets in Resources */,
				30E165FE2A3949CF003A0A5C /* Preview Assets.xcassets in Resources */,
			);
			runOnlyForDeploymentPostprocessing = 0;
		};
/* End PBXResourcesBuildPhase section */

/* Begin PBXSourcesBuildPhase section */
		30E165EF2A3949CE003A0A5C /* Sources */ = {
			isa = PBXSourcesBuildPhase;
			buildActionMask = 2147483647;
			files = (
				30E1660D2A394CBB003A0A5C /* LocationsDataService.swift in Sources */,
				302F5B342A3A267400991682 /* LocationMapAnnotationView.swift in Sources */,
				30E166132A395DB2003A0A5C /* LocationsListView.swift in Sources */,
				302F5B312A3A002E00991682 /* LocationPreviewView.swift in Sources */,
				30E166112A395358003A0A5C /* LocationsViewModel.swift in Sources */,
				30E165F92A3949CE003A0A5C /* ContentView.swift in Sources */,
				30E1660F2A394DE4003A0A5C /* LocationsView.swift in Sources */,
				30E1660A2A394BD3003A0A5C /* Location.swift in Sources */,
				30E165F72A3949CE003A0A5C /* TourTrackApp.swift in Sources */,
			);
			runOnlyForDeploymentPostprocessing = 0;
		};
/* End PBXSourcesBuildPhase section */

/* Begin XCBuildConfiguration section */
		30E165FF2A3949CF003A0A5C /* Debug */ = {
			isa = XCBuildConfiguration;
			buildSettings = {
				ALWAYS_SEARCH_USER_PATHS = NO;
				CLANG_ANALYZER_NONNULL = YES;
				CLANG_ANALYZER_NUMBER_OBJECT_CONVERSION = YES_AGGRESSIVE;
				CLANG_CXX_LANGUAGE_STANDARD = "gnu++20";
				CLANG_ENABLE_MODULES = YES;
				CLANG_ENABLE_OBJC_ARC = YES;
				CLANG_ENABLE_OBJC_WEAK = YES;
				CLANG_WARN_BLOCK_CAPTURE_AUTORELEASING = YES;
				CLANG_WARN_BOOL_CONVERSION = YES;
				CLANG_WARN_COMMA = YES;
				CLANG_WARN_CONSTANT_CONVERSION = YES;
				CLANG_WARN_DEPRECATED_OBJC_IMPLEMENTATIONS = YES;
				CLANG_WARN_DIRECT_OBJC_ISA_USAGE = YES_ERROR;
				CLANG_WARN_DOCUMENTATION_COMMENTS = YES;
				CLANG_WARN_EMPTY_BODY = YES;
				CLANG_WARN_ENUM_CONVERSION = YES;
				CLANG_WARN_INFINITE_RECURSION = YES;
				CLANG_WARN_INT_CONVERSION = YES;
				CLANG_WARN_NON_LITERAL_NULL_CONVERSION = YES;
				CLANG_WARN_OBJC_IMPLICIT_RETAIN_SELF = YES;
				CLANG_WARN_OBJC_LITERAL_CONVERSION = YES;
				CLANG_WARN_OBJC_ROOT_CLASS = YES_ERROR;
				CLANG_WARN_QUOTED_INCLUDE_IN_FRAMEWORK_HEADER = YES;
				CLANG_WARN_RANGE_LOOP_ANALYSIS = YES;
				CLANG_WARN_STRICT_PROTOTYPES = YES;
				CLANG_WARN_SUSPICIOUS_MOVE = YES;
				CLANG_WARN_UNGUARDED_AVAILABILITY = YES_AGGRESSIVE;
				CLANG_WARN_UNREACHABLE_CODE = YES;
				CLANG_WARN__DUPLICATE_METHOD_MATCH = YES;
				COPY_PHASE_STRIP = NO;
				DEBUG_INFORMATION_FORMAT = dwarf;
				ENABLE_STRICT_OBJC_MSGSEND = YES;
				ENABLE_TESTABILITY = YES;
				GCC_C_LANGUAGE_STANDARD = gnu11;
				GCC_DYNAMIC_NO_PIC = NO;
				GCC_NO_COMMON_BLOCKS = YES;
				GCC_OPTIMIZATION_LEVEL = 0;
				GCC_PREPROCESSOR_DEFINITIONS = (
					"DEBUG=1",
					"$(inherited)",
				);
				GCC_WARN_64_TO_32_BIT_CONVERSION = YES;
				GCC_WARN_ABOUT_RETURN_TYPE = YES_ERROR;
				GCC_WARN_UNDECLARED_SELECTOR = YES;
				GCC_WARN_UNINITIALIZED_AUTOS = YES_AGGRESSIVE;
				GCC_WARN_UNUSED_FUNCTION = YES;
				GCC_WARN_UNUSED_VARIABLE = YES;
				IPHONEOS_DEPLOYMENT_TARGET = 16.4;
				MTL_ENABLE_DEBUG_INFO = INCLUDE_SOURCE;
				MTL_FAST_MATH = YES;
				ONLY_ACTIVE_ARCH = YES;
				SDKROOT = iphoneos;
				SWIFT_ACTIVE_COMPILATION_CONDITIONS = DEBUG;
				SWIFT_OPTIMIZATION_LEVEL = "-Onone";
			};
			name = Debug;
		};
		30E166002A3949CF003A0A5C /* Release */ = {
			isa = XCBuildConfiguration;
			buildSettings = {
				ALWAYS_SEARCH_USER_PATHS = NO;
				CLANG_ANALYZER_NONNULL = YES;
				CLANG_ANALYZER_NUMBER_OBJECT_CONVERSION = YES_AGGRESSIVE;
				CLANG_CXX_LANGUAGE_STANDARD = "gnu++20";
				CLANG_ENABLE_MODULES = YES;
				CLANG_ENABLE_OBJC_ARC = YES;
				CLANG_ENABLE_OBJC_WEAK = YES;
				CLANG_WARN_BLOCK_CAPTURE_AUTORELEASING = YES;
				CLANG_WARN_BOOL_CONVERSION = YES;
				CLANG_WARN_COMMA = YES;
				CLANG_WARN_CONSTANT_CONVERSION = YES;
				CLANG_WARN_DEPRECATED_OBJC_IMPLEMENTATIONS = YES;
				CLANG_WARN_DIRECT_OBJC_ISA_USAGE = YES_ERROR;
				CLANG_WARN_DOCUMENTATION_COMMENTS = YES;
				CLANG_WARN_EMPTY_BODY = YES;
				CLANG_WARN_ENUM_CONVERSION = YES;
				CLANG_WARN_INFINITE_RECURSION = YES;
				CLANG_WARN_INT_CONVERSION = YES;
				CLANG_WARN_NON_LITERAL_NULL_CONVERSION = YES;
				CLANG_WARN_OBJC_IMPLICIT_RETAIN_SELF = YES;
				CLANG_WARN_OBJC_LITERAL_CONVERSION = YES;
				CLANG_WARN_OBJC_ROOT_CLASS = YES_ERROR;
				CLANG_WARN_QUOTED_INCLUDE_IN_FRAMEWORK_HEADER = YES;
				CLANG_WARN_RANGE_LOOP_ANALYSIS = YES;
				CLANG_WARN_STRICT_PROTOTYPES = YES;
				CLANG_WARN_SUSPICIOUS_MOVE = YES;
				CLANG_WARN_UNGUARDED_AVAILABILITY = YES_AGGRESSIVE;
				CLANG_WARN_UNREACHABLE_CODE = YES;
				CLANG_WARN__DUPLICATE_METHOD_MATCH = YES;
				COPY_PHASE_STRIP = NO;
				DEBUG_INFORMATION_FORMAT = "dwarf-with-dsym";
				ENABLE_NS_ASSERTIONS = NO;
				ENABLE_STRICT_OBJC_MSGSEND = YES;
				GCC_C_LANGUAGE_STANDARD = gnu11;
				GCC_NO_COMMON_BLOCKS = YES;
				GCC_WARN_64_TO_32_BIT_CONVERSION = YES;
				GCC_WARN_ABOUT_RETURN_TYPE = YES_ERROR;
				GCC_WARN_UNDECLARED_SELECTOR = YES;
				GCC_WARN_UNINITIALIZED_AUTOS = YES_AGGRESSIVE;
				GCC_WARN_UNUSED_FUNCTION = YES;
				GCC_WARN_UNUSED_VARIABLE = YES;
				IPHONEOS_DEPLOYMENT_TARGET = 16.4;
				MTL_ENABLE_DEBUG_INFO = NO;
				MTL_FAST_MATH = YES;
				SDKROOT = iphoneos;
				SWIFT_COMPILATION_MODE = wholemodule;
				SWIFT_OPTIMIZATION_LEVEL = "-O";
				VALIDATE_PRODUCT = YES;
			};
			name = Release;
		};
		30E166022A3949CF003A0A5C /* Debug */ = {
			isa = XCBuildConfiguration;
			buildSettings = {
				ASSETCATALOG_COMPILER_APPICON_NAME = AppIcon;
				ASSETCATALOG_COMPILER_GLOBAL_ACCENT_COLOR_NAME = AccentColor;
				CODE_SIGN_STYLE = Automatic;
				CURRENT_PROJECT_VERSION = 1;
				DEVELOPMENT_ASSET_PATHS = "\"TourTrack/Preview Content\"";
				DEVELOPMENT_TEAM = 65YK9B6FM6;
				ENABLE_PREVIEWS = YES;
				GENERATE_INFOPLIST_FILE = YES;
				INFOPLIST_FILE = TourTrack/Info.plist;
				INFOPLIST_KEY_CFBundleDisplayName = TourTracker;
				INFOPLIST_KEY_LSApplicationCategoryType = "public.app-category.travel";
				INFOPLIST_KEY_UIApplicationSceneManifest_Generation = YES;
				INFOPLIST_KEY_UIApplicationSupportsIndirectInputEvents = YES;
				INFOPLIST_KEY_UILaunchScreen_Generation = YES;
				INFOPLIST_KEY_UISupportedInterfaceOrientations_iPad = "UIInterfaceOrientationPortrait UIInterfaceOrientationPortraitUpsideDown UIInterfaceOrientationLandscapeLeft UIInterfaceOrientationLandscapeRight";
				INFOPLIST_KEY_UISupportedInterfaceOrientations_iPhone = "UIInterfaceOrientationPortrait UIInterfaceOrientationLandscapeLeft UIInterfaceOrientationLandscapeRight";
				IPHONEOS_DEPLOYMENT_TARGET = 16.0;
				LD_RUNPATH_SEARCH_PATHS = (
					"$(inherited)",
					"@executable_path/Frameworks",
				);
				MARKETING_VERSION = 1.0;
				PRODUCT_BUNDLE_IDENTIFIER = com.jaysondasher.TourTrack;
				PRODUCT_NAME = "$(TARGET_NAME)";
				SWIFT_EMIT_LOC_STRINGS = YES;
				SWIFT_VERSION = 5.0;
				TARGETED_DEVICE_FAMILY = "1,2";
			};
			name = Debug;
		};
		30E166032A3949CF003A0A5C /* Release */ = {
			isa = XCBuildConfiguration;
			buildSettings = {
				ASSETCATALOG_COMPILER_APPICON_NAME = AppIcon;
				ASSETCATALOG_COMPILER_GLOBAL_ACCENT_COLOR_NAME = AccentColor;
				CODE_SIGN_STYLE = Automatic;
				CURRENT_PROJECT_VERSION = 1;
				DEVELOPMENT_ASSET_PATHS = "\"TourTrack/Preview Content\"";
				DEVELOPMENT_TEAM = 65YK9B6FM6;
				ENABLE_PREVIEWS = YES;
				GENERATE_INFOPLIST_FILE = YES;
				INFOPLIST_FILE = TourTrack/Info.plist;
				INFOPLIST_KEY_CFBundleDisplayName = TourTracker;
				INFOPLIST_KEY_LSApplicationCategoryType = "public.app-category.travel";
				INFOPLIST_KEY_UIApplicationSceneManifest_Generation = YES;
				INFOPLIST_KEY_UIApplicationSupportsIndirectInputEvents = YES;
				INFOPLIST_KEY_UILaunchScreen_Generation = YES;
				INFOPLIST_KEY_UISupportedInterfaceOrientations_iPad = "UIInterfaceOrientationPortrait UIInterfaceOrientationPortraitUpsideDown UIInterfaceOrientationLandscapeLeft UIInterfaceOrientationLandscapeRight";
				INFOPLIST_KEY_UISupportedInterfaceOrientations_iPhone = "UIInterfaceOrientationPortrait UIInterfaceOrientationLandscapeLeft UIInterfaceOrientationLandscapeRight";
				IPHONEOS_DEPLOYMENT_TARGET = 16.0;
				LD_RUNPATH_SEARCH_PATHS = (
					"$(inherited)",
					"@executable_path/Frameworks",
				);
				MARKETING_VERSION = 1.0;
				PRODUCT_BUNDLE_IDENTIFIER = com.jaysondasher.TourTrack;
				PRODUCT_NAME = "$(TARGET_NAME)";
				SWIFT_EMIT_LOC_STRINGS = YES;
				SWIFT_VERSION = 5.0;
				TARGETED_DEVICE_FAMILY = "1,2";
			};
			name = Release;
		};
/* End XCBuildConfiguration section */

/* Begin XCConfigurationList section */
		30E165EE2A3949CE003A0A5C /* Build configuration list for PBXProject "TourTrack" */ = {
			isa = XCConfigurationList;
			buildConfigurations = (
				30E165FF2A3949CF003A0A5C /* Debug */,
				30E166002A3949CF003A0A5C /* Release */,
			);
			defaultConfigurationIsVisible = 0;
			defaultConfigurationName = Release;
		};
		30E166012A3949CF003A0A5C /* Build configuration list for PBXNativeTarget "TourTrack" */ = {
			isa = XCConfigurationList;
			buildConfigurations = (
				30E166022A3949CF003A0A5C /* Debug */,
				30E166032A3949CF003A0A5C /* Release */,
			);
			defaultConfigurationIsVisible = 0;
			defaultConfigurationName = Release;
		};
/* End XCConfigurationList section */
	};
	rootObject = 30E165EB2A3949CE003A0A5C /* Project object */;
}
